112233ANNE                PRINCE                        1122 ELM ST                   FRESNO              CA93711-0000
123455COLUMBUS            CHRISTOPHER                   1122 NEW WORLD LN             COLUMBUS            OH92939     
123456RAUL                MENENDEZ                      888 CICS WAY                  FRESNO              CA93711-2765